GIT
  remote: git://github.com/Element84/puppet-curl.git
  ref: master
  sha: 48bf2443d5d222ebebcaa1e2d24bcb8e565b4b0a
  specs:
    mhuffnagle/curl (0.0.2)

GIT
  remote: git://github.com/example42/puppet-php.git
  ref: master
  sha: c085ab970e72d213a886fa96be58459d98c358a6
  specs:
    example42/php (2.0.18)
      example42/puppi (>= 2.0.0)

GIT
  remote: git://github.com/example42/puppi.git
  ref: master
  sha: a4d3192d1b824404d55daacffe522c940bb8be48
  specs:
    example42/puppi (2.1.9)

GIT
  remote: git://github.com/puppetlabs/puppetlabs-apache.git
  ref: master
  sha: 4eff35427922db47f6e7caf887372adfb25abb97
  specs:
    puppetlabs/apache (1.0.1)
      puppetlabs/concat (>= 1.0.0)
      puppetlabs/stdlib (>= 2.4.0)

GIT
  remote: git://github.com/puppetlabs/puppetlabs-apt.git
  ref: master
  sha: dcac07e03420afa9401429186aa41d0dde8c5b63
  specs:
    puppetlabs/apt (1.4.1)
      puppetlabs/stdlib (>= 2.2.1)

GIT
  remote: git://github.com/puppetlabs/puppetlabs-concat.git
  ref: master
  sha: 7ede29bd8edb12b9b57b30af23fa0f3d1e3281ee
  specs:
    puppetlabs/concat (1.1.0-rc1)
      puppetlabs/stdlib (>= 4.0.0)

GIT
  remote: git://github.com/puppetlabs/puppetlabs-firewall.git
  ref: master
  sha: 47294acf13ad722b49797b622f9d3a39d9daab8d
  specs:
    puppetlabs/firewall (1.0.2)

GIT
  remote: git://github.com/puppetlabs/puppetlabs-git.git
  ref: master
  sha: e033d7aad477bbeec27688143ad58cd77ff9e569
  specs:
    puppetlabs/git (0.0.3)
      puppetlabs/vcsrepo (>= 0.1.0)

GIT
  remote: git://github.com/puppetlabs/puppetlabs-mysql.git
  ref: master
  sha: f70c81c2d0328d697faaab96891bece831f7b3c8
  specs:
    puppetlabs/mysql (2.2.1)
      puppetlabs/stdlib (>= 3.2.0)

GIT
  remote: git://github.com/puppetlabs/puppetlabs-ntp.git
  ref: master
  sha: 23acfa4a80f59cc4487db97d2dff416da815ec9a
  specs:
    puppetlabs/ntp (3.0.4)
      puppetlabs/stdlib (>= 0.1.6)

GIT
  remote: git://github.com/puppetlabs/puppetlabs-stdlib.git
  ref: master
  sha: e962b9553b8d79b36faa90ef6e002649820208a3
  specs:
    puppetlabs/stdlib (4.1.0)

GIT
  remote: git://github.com/puppetlabs/puppetlabs-vcsrepo.git
  ref: master
  sha: 46588aa62d444c5f0a538cccec357a80cd191b93
  specs:
    puppetlabs/vcsrepo (0.2.0)

DEPENDENCIES
  example42/php (>= 0)
  example42/puppi (>= 0)
  mhuffnagle/curl (>= 0)
  puppetlabs/apache (>= 0)
  puppetlabs/apt (>= 0)
  puppetlabs/concat (>= 0)
  puppetlabs/firewall (>= 0)
  puppetlabs/git (>= 0)
  puppetlabs/mysql (>= 0)
  puppetlabs/ntp (>= 0)
  puppetlabs/stdlib (>= 0)
  puppetlabs/vcsrepo (>= 0)

